
Microsoft Visual Studio Solution File, Format Version 12.00
# Visual Studio 15
VisualStudioVersion = 15.0.27428.2002
MinimumVisualStudioVersion = 10.0.40219.1
Project("{FAE04EC0-301F-11D3-BF4B-00C04F79EFBC}") = "DiscordChannelSample", "DiscordChannelSample\DiscordChannelSample.csproj", "{20B8477F-2B47-4107-B12F-E0A199423F1C}"
EndProject
Global
	GlobalSection(SolutionConfigurationPlatforms) = preSolution
		Debug|Any CPU = Debug|Any CPU
		Release|Any CPU = Release|Any CPU
	EndGlobalSection
	GlobalSection(ProjectConfigurationPlatforms) = postSolution
		{20B8477F-2B47-4107-B12F-E0A199423F1C}.Debug|Any CPU.ActiveCfg = Debug|Any CPU
		{20B8477F-2B47-4107-B12F-E0A199423F1C}.Debug|Any CPU.Build.0 = Debug|Any CPU
		{20B8477F-2B47-4107-B12F-E0A199423F1C}.Release|Any CPU.ActiveCfg = Release|Any CPU
		{20B8477F-2B47-4107-B12F-E0A199423F1C}.Release|Any CPU.Build.0 = Release|Any CPU
	EndGlobalSection
	GlobalSection(SolutionProperties) = preSolution
		HideSolutionNode = FALSE
	EndGlobalSection
	GlobalSection(ExtensibilityGlobals) = postSolution
		SolutionGuid = {8655B2F6-7DD2-4A1C-83CC-FD505BD552B0}
	EndGlobalSection
EndGlobal
